{
    "version": 3,
    "terraform_version": "0.11.7",
    "serial": 18,
    "lineage": "e6e5d18b-ea43-6fae-ea1e-6cbc2ee4c052",
    "modules": [
        {
            "path": [
                "root"
            ],
            "outputs": {
                "app1_public_dns": {
                    "sensitive": false,
                    "type": "string",
                    "value": "ec2-52-47-173-161.eu-west-3.compute.amazonaws.com"
                },
                "app2_public_dns": {
                    "sensitive": false,
                    "type": "string",
                    "value": "ec2-35-180-116-184.eu-west-3.compute.amazonaws.com"
                },
                "master1_public_dns": {
                    "sensitive": false,
                    "type": "string",
                    "value": "ec2-35-180-103-156.eu-west-3.compute.amazonaws.com"
                }
            },
            "resources": {
                "aws_instance.app1": {
                    "type": "aws_instance",
                    "depends_on": [
                        "aws_instance.master1",
                        "aws_security_group.kube-insight"
                    ],
                    "primary": {
                        "id": "i-0333810f254947808",
                        "attributes": {
                            "ami": "ami-20ee5e5d",
                            "associate_public_ip_address": "true",
                            "availability_zone": "eu-west-3c",
                            "credit_specification.#": "1",
                            "credit_specification.0.cpu_credits": "standard",
                            "disable_api_termination": "false",
                            "ebs_block_device.#": "0",
                            "ebs_optimized": "false",
                            "ephemeral_block_device.#": "0",
                            "get_password_data": "false",
                            "iam_instance_profile": "",
                            "id": "i-0333810f254947808",
                            "instance_state": "running",
                            "instance_type": "t2.medium",
                            "ipv6_addresses.#": "0",
                            "key_name": "kube-insight-ssh",
                            "monitoring": "false",
                            "network_interface.#": "0",
                            "network_interface_id": "eni-f91abad2",
                            "password_data": "",
                            "placement_group": "",
                            "primary_network_interface_id": "eni-f91abad2",
                            "private_dns": "ip-172-31-39-73.eu-west-3.compute.internal",
                            "private_ip": "172.31.39.73",
                            "public_dns": "ec2-52-47-173-161.eu-west-3.compute.amazonaws.com",
                            "public_ip": "52.47.173.161",
                            "root_block_device.#": "1",
                            "root_block_device.0.delete_on_termination": "true",
                            "root_block_device.0.iops": "120",
                            "root_block_device.0.volume_id": "vol-08d4b835215b83dfb",
                            "root_block_device.0.volume_size": "40",
                            "root_block_device.0.volume_type": "gp2",
                            "security_groups.#": "1",
                            "security_groups.1873632092": "kube-insight",
                            "source_dest_check": "true",
                            "subnet_id": "subnet-6f734e25",
                            "tags.%": "1",
                            "tags.Name": "app1",
                            "tenancy": "default",
                            "volume_tags.%": "0",
                            "vpc_security_group_ids.#": "1",
                            "vpc_security_group_ids.155926290": "sg-df30f9b7"
                        },
                        "meta": {
                            "e2bfb730-ecaa-11e6-8f88-34363bc7c4c0": {
                                "create": 600000000000,
                                "delete": 1200000000000,
                                "update": 600000000000
                            },
                            "schema_version": "1"
                        },
                        "tainted": false
                    },
                    "deposed": [],
                    "provider": "provider.aws"
                },
                "aws_instance.app2": {
                    "type": "aws_instance",
                    "depends_on": [
                        "aws_instance.master1",
                        "aws_security_group.kube-insight"
                    ],
                    "primary": {
                        "id": "i-0e9f697a6e2fa0a00",
                        "attributes": {
                            "ami": "ami-20ee5e5d",
                            "associate_public_ip_address": "true",
                            "availability_zone": "eu-west-3c",
                            "credit_specification.#": "1",
                            "credit_specification.0.cpu_credits": "standard",
                            "disable_api_termination": "false",
                            "ebs_block_device.#": "0",
                            "ebs_optimized": "false",
                            "ephemeral_block_device.#": "0",
                            "get_password_data": "false",
                            "iam_instance_profile": "",
                            "id": "i-0e9f697a6e2fa0a00",
                            "instance_state": "running",
                            "instance_type": "t2.medium",
                            "ipv6_addresses.#": "0",
                            "key_name": "kube-insight-ssh",
                            "monitoring": "false",
                            "network_interface.#": "0",
                            "network_interface_id": "eni-4b1cbc60",
                            "password_data": "",
                            "placement_group": "",
                            "primary_network_interface_id": "eni-4b1cbc60",
                            "private_dns": "ip-172-31-47-64.eu-west-3.compute.internal",
                            "private_ip": "172.31.47.64",
                            "public_dns": "ec2-35-180-116-184.eu-west-3.compute.amazonaws.com",
                            "public_ip": "35.180.116.184",
                            "root_block_device.#": "1",
                            "root_block_device.0.delete_on_termination": "true",
                            "root_block_device.0.iops": "120",
                            "root_block_device.0.volume_id": "vol-0dd5b5e2c36e152df",
                            "root_block_device.0.volume_size": "40",
                            "root_block_device.0.volume_type": "gp2",
                            "security_groups.#": "1",
                            "security_groups.1873632092": "kube-insight",
                            "source_dest_check": "true",
                            "subnet_id": "subnet-6f734e25",
                            "tags.%": "1",
                            "tags.Name": "app2",
                            "tenancy": "default",
                            "volume_tags.%": "0",
                            "vpc_security_group_ids.#": "1",
                            "vpc_security_group_ids.155926290": "sg-df30f9b7"
                        },
                        "meta": {
                            "e2bfb730-ecaa-11e6-8f88-34363bc7c4c0": {
                                "create": 600000000000,
                                "delete": 1200000000000,
                                "update": 600000000000
                            },
                            "schema_version": "1"
                        },
                        "tainted": false
                    },
                    "deposed": [],
                    "provider": "provider.aws"
                },
                "aws_instance.master1": {
                    "type": "aws_instance",
                    "depends_on": [
                        "aws_security_group.kube-insight"
                    ],
                    "primary": {
                        "id": "i-0536b6c4fdfd2271c",
                        "attributes": {
                            "ami": "ami-20ee5e5d",
                            "associate_public_ip_address": "true",
                            "availability_zone": "eu-west-3c",
                            "credit_specification.#": "1",
                            "credit_specification.0.cpu_credits": "standard",
                            "disable_api_termination": "false",
                            "ebs_block_device.#": "0",
                            "ebs_optimized": "false",
                            "ephemeral_block_device.#": "0",
                            "get_password_data": "false",
                            "iam_instance_profile": "",
                            "id": "i-0536b6c4fdfd2271c",
                            "instance_state": "running",
                            "instance_type": "t2.medium",
                            "ipv6_addresses.#": "0",
                            "key_name": "kube-insight-ssh",
                            "monitoring": "false",
                            "network_interface.#": "0",
                            "network_interface_id": "eni-091bbb22",
                            "password_data": "",
                            "placement_group": "",
                            "primary_network_interface_id": "eni-091bbb22",
                            "private_dns": "ip-172-31-39-63.eu-west-3.compute.internal",
                            "private_ip": "172.31.39.63",
                            "public_dns": "ec2-35-180-103-156.eu-west-3.compute.amazonaws.com",
                            "public_ip": "35.180.103.156",
                            "root_block_device.#": "1",
                            "root_block_device.0.delete_on_termination": "true",
                            "root_block_device.0.iops": "120",
                            "root_block_device.0.volume_id": "vol-0785eac22ac38ee78",
                            "root_block_device.0.volume_size": "40",
                            "root_block_device.0.volume_type": "gp2",
                            "security_groups.#": "1",
                            "security_groups.1873632092": "kube-insight",
                            "source_dest_check": "true",
                            "subnet_id": "subnet-6f734e25",
                            "tags.%": "1",
                            "tags.Name": "master1",
                            "tenancy": "default",
                            "volume_tags.%": "0",
                            "vpc_security_group_ids.#": "1",
                            "vpc_security_group_ids.155926290": "sg-df30f9b7"
                        },
                        "meta": {
                            "e2bfb730-ecaa-11e6-8f88-34363bc7c4c0": {
                                "create": 600000000000,
                                "delete": 1200000000000,
                                "update": 600000000000
                            },
                            "schema_version": "1"
                        },
                        "tainted": false
                    },
                    "deposed": [],
                    "provider": "provider.aws"
                },
                "aws_key_pair.sshkey": {
                    "type": "aws_key_pair",
                    "depends_on": [],
                    "primary": {
                        "id": "kube-insight-ssh",
                        "attributes": {
                            "id": "kube-insight-ssh",
                            "key_name": "kube-insight-ssh",
                            "public_key": "ssh-rsa AAAAB3NzaC1yc2EAAAADAQABAAAAgQCJhZssKe6npyslrghPD+BxRhba3AzTmFdZ4YMPHOLTQwjqOuSLym6AEdCRjVBSV2utdHubHxT5WZ18uIUqPJLYxYGZGFlB56B6mxT/I4OCpLe8Z+VS0I9PnkXmIwoWKSKRBTWG731GeQ14/kF7Y+2AAZlnExPXdDUxxVgjVDJkcw== RSA-1024"
                        },
                        "meta": {
                            "schema_version": "1"
                        },
                        "tainted": false
                    },
                    "deposed": [],
                    "provider": "provider.aws"
                },
                "aws_security_group.kube-insight": {
                    "type": "aws_security_group",
                    "depends_on": [],
                    "primary": {
                        "id": "sg-df30f9b7",
                        "attributes": {
                            "arn": "arn:aws:ec2:eu-west-3:248119176842:security-group/sg-df30f9b7",
                            "description": "Allow all inbound traffic within the group and from uminova",
                            "egress.#": "1",
                            "egress.482069346.cidr_blocks.#": "1",
                            "egress.482069346.cidr_blocks.0": "0.0.0.0/0",
                            "egress.482069346.description": "",
                            "egress.482069346.from_port": "0",
                            "egress.482069346.ipv6_cidr_blocks.#": "0",
                            "egress.482069346.prefix_list_ids.#": "0",
                            "egress.482069346.protocol": "-1",
                            "egress.482069346.security_groups.#": "0",
                            "egress.482069346.self": "false",
                            "egress.482069346.to_port": "0",
                            "id": "sg-df30f9b7",
                            "ingress.#": "2",
                            "ingress.1186429626.cidr_blocks.#": "1",
                            "ingress.1186429626.cidr_blocks.0": "212.32.186.0/24",
                            "ingress.1186429626.description": "",
                            "ingress.1186429626.from_port": "0",
                            "ingress.1186429626.ipv6_cidr_blocks.#": "0",
                            "ingress.1186429626.protocol": "-1",
                            "ingress.1186429626.security_groups.#": "0",
                            "ingress.1186429626.self": "false",
                            "ingress.1186429626.to_port": "0",
                            "ingress.753360330.cidr_blocks.#": "0",
                            "ingress.753360330.description": "",
                            "ingress.753360330.from_port": "0",
                            "ingress.753360330.ipv6_cidr_blocks.#": "0",
                            "ingress.753360330.protocol": "-1",
                            "ingress.753360330.security_groups.#": "0",
                            "ingress.753360330.self": "true",
                            "ingress.753360330.to_port": "0",
                            "name": "kube-insight",
                            "owner_id": "248119176842",
                            "revoke_rules_on_delete": "false",
                            "tags.%": "0",
                            "vpc_id": "vpc-0deb1564"
                        },
                        "meta": {
                            "e2bfb730-ecaa-11e6-8f88-34363bc7c4c0": {
                                "create": 600000000000,
                                "delete": 600000000000
                            },
                            "schema_version": "1"
                        },
                        "tainted": false
                    },
                    "deposed": [],
                    "provider": "provider.aws"
                }
            },
            "depends_on": []
        }
    ]
}
